// !$*UTF8*$!
{
	archiveVersion = 1;
	classes = {
	};
	objectVersion = 55;
	objects = {

/* Begin PBXBuildFile section */
		67B03E5327C2E01400C24211 /* CameraView.swift in Sources */ = {isa = PBXBuildFile; fileRef = 67B03E5227C2E01400C24211 /* CameraView.swift */; };
		67B1EBFD27C2570000C017CD /* MCSessionBrowserRepresentable.swift in Sources */ = {isa = PBXBuildFile; fileRef = 67B1EBFC27C2570000C017CD /* MCSessionBrowserRepresentable.swift */; };
		67E8D35D27C428EB00E095A0 /* DeviceRotationModifier.swift in Sources */ = {isa = PBXBuildFile; fileRef = 67E8D35C27C428EB00E095A0 /* DeviceRotationModifier.swift */; };
		67E8D36027C43BD500E095A0 /* AVCaptureOrientation + UIDeviceOrientation.swift in Sources */ = {isa = PBXBuildFile; fileRef = 67E8D35F27C43BD500E095A0 /* AVCaptureOrientation + UIDeviceOrientation.swift */; };
		67E8D36227C43C1C00E095A0 /* UIImage + Rotate.swift in Sources */ = {isa = PBXBuildFile; fileRef = 67E8D36127C43C1C00E095A0 /* UIImage + Rotate.swift */; };
		67E8D36427C43C6900E095A0 /* CMSampleBuffer + UIImage.swift in Sources */ = {isa = PBXBuildFile; fileRef = 67E8D36327C43C6900E095A0 /* CMSampleBuffer + UIImage.swift */; };
		67E8D36927C43D9B00E095A0 /* CameraModel.swift in Sources */ = {isa = PBXBuildFile; fileRef = 67E8D36827C43D9B00E095A0 /* CameraModel.swift */; };
		67E8D36B27C43E2400E095A0 /* CameraPreviewView.swift in Sources */ = {isa = PBXBuildFile; fileRef = 67E8D36A27C43E2400E095A0 /* CameraPreviewView.swift */; };
		67EEF30D27C183BD00A18AAE /* PeerToPeerSessionApp.swift in Sources */ = {isa = PBXBuildFile; fileRef = 67EEF30C27C183BD00A18AAE /* PeerToPeerSessionApp.swift */; };
		67EEF30F27C183BD00A18AAE /* ContentView.swift in Sources */ = {isa = PBXBuildFile; fileRef = 67EEF30E27C183BD00A18AAE /* ContentView.swift */; };
		67EEF31127C183BE00A18AAE /* Assets.xcassets in Resources */ = {isa = PBXBuildFile; fileRef = 67EEF31027C183BE00A18AAE /* Assets.xcassets */; };
		67EEF31427C183BE00A18AAE /* Preview Assets.xcassets in Resources */ = {isa = PBXBuildFile; fileRef = 67EEF31327C183BE00A18AAE /* Preview Assets.xcassets */; };
		67EEF31B27C1898900A18AAE /* ContentViewModel.swift in Sources */ = {isa = PBXBuildFile; fileRef = 67EEF31A27C1898900A18AAE /* ContentViewModel.swift */; };
/* End PBXBuildFile section */

/* Begin PBXFileReference section */
		67B03E5227C2E01400C24211 /* CameraView.swift */ = {isa = PBXFileReference; lastKnownFileType = sourcecode.swift; path = CameraView.swift; sourceTree = "<group>"; };
		67B1EBFB27C2390900C017CD /* Info.plist */ = {isa = PBXFileReference; lastKnownFileType = text.plist; path = Info.plist; sourceTree = "<group>"; };
		67B1EBFC27C2570000C017CD /* MCSessionBrowserRepresentable.swift */ = {isa = PBXFileReference; lastKnownFileType = sourcecode.swift; path = MCSessionBrowserRepresentable.swift; sourceTree = "<group>"; };
		67E8D35C27C428EB00E095A0 /* DeviceRotationModifier.swift */ = {isa = PBXFileReference; fileEncoding = 4; lastKnownFileType = sourcecode.swift; path = DeviceRotationModifier.swift; sourceTree = "<group>"; };
		67E8D35F27C43BD500E095A0 /* AVCaptureOrientation + UIDeviceOrientation.swift */ = {isa = PBXFileReference; lastKnownFileType = sourcecode.swift; path = "AVCaptureOrientation + UIDeviceOrientation.swift"; sourceTree = "<group>"; };
		67E8D36127C43C1C00E095A0 /* UIImage + Rotate.swift */ = {isa = PBXFileReference; lastKnownFileType = sourcecode.swift; path = "UIImage + Rotate.swift"; sourceTree = "<group>"; };
		67E8D36327C43C6900E095A0 /* CMSampleBuffer + UIImage.swift */ = {isa = PBXFileReference; lastKnownFileType = sourcecode.swift; path = "CMSampleBuffer + UIImage.swift"; sourceTree = "<group>"; };
		67E8D36827C43D9B00E095A0 /* CameraModel.swift */ = {isa = PBXFileReference; lastKnownFileType = sourcecode.swift; path = CameraModel.swift; sourceTree = "<group>"; };
		67E8D36A27C43E2400E095A0 /* CameraPreviewView.swift */ = {isa = PBXFileReference; lastKnownFileType = sourcecode.swift; path = CameraPreviewView.swift; sourceTree = "<group>"; };
		67EEF30927C183BD00A18AAE /* PeerToPeerSession.app */ = {isa = PBXFileReference; explicitFileType = wrapper.application; includeInIndex = 0; path = PeerToPeerSession.app; sourceTree = BUILT_PRODUCTS_DIR; };
		67EEF30C27C183BD00A18AAE /* PeerToPeerSessionApp.swift */ = {isa = PBXFileReference; lastKnownFileType = sourcecode.swift; path = PeerToPeerSessionApp.swift; sourceTree = "<group>"; };
		67EEF30E27C183BD00A18AAE /* ContentView.swift */ = {isa = PBXFileReference; lastKnownFileType = sourcecode.swift; path = ContentView.swift; sourceTree = "<group>"; };
		67EEF31027C183BE00A18AAE /* Assets.xcassets */ = {isa = PBXFileReference; lastKnownFileType = folder.assetcatalog; path = Assets.xcassets; sourceTree = "<group>"; };
		67EEF31327C183BE00A18AAE /* Preview Assets.xcassets */ = {isa = PBXFileReference; lastKnownFileType = folder.assetcatalog; path = "Preview Assets.xcassets"; sourceTree = "<group>"; };
		67EEF31A27C1898900A18AAE /* ContentViewModel.swift */ = {isa = PBXFileReference; lastKnownFileType = sourcecode.swift; path = ContentViewModel.swift; sourceTree = "<group>"; };
/* End PBXFileReference section */

/* Begin PBXFrameworksBuildPhase section */
		67EEF30627C183BD00A18AAE /* Frameworks */ = {
			isa = PBXFrameworksBuildPhase;
			buildActionMask = 2147483647;
			files = (
			);
			runOnlyForDeploymentPostprocessing = 0;
		};
/* End PBXFrameworksBuildPhase section */

/* Begin PBXGroup section */
		67E8D35E27C43B9800E095A0 /* Extension */ = {
			isa = PBXGroup;
			children = (
				67E8D35F27C43BD500E095A0 /* AVCaptureOrientation + UIDeviceOrientation.swift */,
				67E8D36127C43C1C00E095A0 /* UIImage + Rotate.swift */,
				67E8D36327C43C6900E095A0 /* CMSampleBuffer + UIImage.swift */,
			);
			path = Extension;
			sourceTree = "<group>";
		};
		67E8D36527C43D3000E095A0 /* Model */ = {
			isa = PBXGroup;
			children = (
				67EEF31A27C1898900A18AAE /* ContentViewModel.swift */,
				67E8D36827C43D9B00E095A0 /* CameraModel.swift */,
			);
			path = Model;
			sourceTree = "<group>";
		};
		67E8D36627C43D3F00E095A0 /* View */ = {
			isa = PBXGroup;
			children = (
				67E8D36727C43D7000E095A0 /* ViewModifier */,
				67B03E5227C2E01400C24211 /* CameraView.swift */,
				67EEF30E27C183BD00A18AAE /* ContentView.swift */,
				67B1EBFC27C2570000C017CD /* MCSessionBrowserRepresentable.swift */,
				67E8D36A27C43E2400E095A0 /* CameraPreviewView.swift */,
			);
			path = View;
			sourceTree = "<group>";
		};
		67E8D36727C43D7000E095A0 /* ViewModifier */ = {
			isa = PBXGroup;
			children = (
				67E8D35C27C428EB00E095A0 /* DeviceRotationModifier.swift */,
			);
			path = ViewModifier;
			sourceTree = "<group>";
		};
		67EEF30027C183BD00A18AAE = {
			isa = PBXGroup;
			children = (
				67EEF30B27C183BD00A18AAE /* PeerToPeerSession */,
				67EEF30A27C183BD00A18AAE /* Products */,
			);
			sourceTree = "<group>";
		};
		67EEF30A27C183BD00A18AAE /* Products */ = {
			isa = PBXGroup;
			children = (
				67EEF30927C183BD00A18AAE /* PeerToPeerSession.app */,
			);
			name = Products;
			sourceTree = "<group>";
		};
		67EEF30B27C183BD00A18AAE /* PeerToPeerSession */ = {
			isa = PBXGroup;
			children = (
				67E8D35E27C43B9800E095A0 /* Extension */,
				67E8D36527C43D3000E095A0 /* Model */,
				67E8D36627C43D3F00E095A0 /* View */,
				67B1EBFB27C2390900C017CD /* Info.plist */,
				67EEF30C27C183BD00A18AAE /* PeerToPeerSessionApp.swift */,
				67EEF31027C183BE00A18AAE /* Assets.xcassets */,
				67EEF31227C183BE00A18AAE /* Preview Content */,
			);
			path = PeerToPeerSession;
			sourceTree = "<group>";
		};
		67EEF31227C183BE00A18AAE /* Preview Content */ = {
			isa = PBXGroup;
			children = (
				67EEF31327C183BE00A18AAE /* Preview Assets.xcassets */,
			);
			path = "Preview Content";
			sourceTree = "<group>";
		};
/* End PBXGroup section */

/* Begin PBXNativeTarget section */
		67EEF30827C183BD00A18AAE /* PeerToPeerSession */ = {
			isa = PBXNativeTarget;
			buildConfigurationList = 67EEF31727C183BE00A18AAE /* Build configuration list for PBXNativeTarget "PeerToPeerSession" */;
			buildPhases = (
				67EEF30527C183BD00A18AAE /* Sources */,
				67EEF30627C183BD00A18AAE /* Frameworks */,
				67EEF30727C183BD00A18AAE /* Resources */,
			);
			buildRules = (
			);
			dependencies = (
			);
			name = PeerToPeerSession;
			productName = PeerToPeerSession;
			productReference = 67EEF30927C183BD00A18AAE /* PeerToPeerSession.app */;
			productType = "com.apple.product-type.application";
		};
/* End PBXNativeTarget section */

/* Begin PBXProject section */
		67EEF30127C183BD00A18AAE /* Project object */ = {
			isa = PBXProject;
			attributes = {
				BuildIndependentTargetsInParallel = 1;
				LastSwiftUpdateCheck = 1320;
				LastUpgradeCheck = 1320;
				TargetAttributes = {
					67EEF30827C183BD00A18AAE = {
						CreatedOnToolsVersion = 13.2.1;
					};
				};
			};
			buildConfigurationList = 67EEF30427C183BD00A18AAE /* Build configuration list for PBXProject "PeerToPeerSession" */;
			compatibilityVersion = "Xcode 13.0";
			developmentRegion = en;
			hasScannedForEncodings = 0;
			knownRegions = (
				en,
				Base,
			);
			mainGroup = 67EEF30027C183BD00A18AAE;
			productRefGroup = 67EEF30A27C183BD00A18AAE /* Products */;
			projectDirPath = "";
			projectRoot = "";
			targets = (
				67EEF30827C183BD00A18AAE /* PeerToPeerSession */,
			);
		};
/* End PBXProject section */

/* Begin PBXResourcesBuildPhase section */
		67EEF30727C183BD00A18AAE /* Resources */ = {
			isa = PBXResourcesBuildPhase;
			buildActionMask = 2147483647;
			files = (
				67EEF31427C183BE00A18AAE /* Preview Assets.xcassets in Resources */,
				67EEF31127C183BE00A18AAE /* Assets.xcassets in Resources */,
			);
			runOnlyForDeploymentPostprocessing = 0;
		};
/* End PBXResourcesBuildPhase section */

/* Begin PBXSourcesBuildPhase section */
		67EEF30527C183BD00A18AAE /* Sources */ = {
			isa = PBXSourcesBuildPhase;
			buildActionMask = 2147483647;
			files = (
				67EEF30F27C183BD00A18AAE /* ContentView.swift in Sources */,
				67EEF30D27C183BD00A18AAE /* PeerToPeerSessionApp.swift in Sources */,
				67E8D36927C43D9B00E095A0 /* CameraModel.swift in Sources */,
				67E8D36027C43BD500E095A0 /* AVCaptureOrientation + UIDeviceOrientation.swift in Sources */,
				67E8D36B27C43E2400E095A0 /* CameraPreviewView.swift in Sources */,
				67B1EBFD27C2570000C017CD /* MCSessionBrowserRepresentable.swift in Sources */,
				67E8D36227C43C1C00E095A0 /* UIImage + Rotate.swift in Sources */,
				67B03E5327C2E01400C24211 /* CameraView.swift in Sources */,
				67E8D35D27C428EB00E095A0 /* DeviceRotationModifier.swift in Sources */,
				67EEF31B27C1898900A18AAE /* ContentViewModel.swift in Sources */,
				67E8D36427C43C6900E095A0 /* CMSampleBuffer + UIImage.swift in Sources */,
			);
			runOnlyForDeploymentPostprocessing = 0;
		};
/* End PBXSourcesBuildPhase section */

/* Begin XCBuildConfiguration section */
		67EEF31527C183BE00A18AAE /* Debug */ = {
			isa = XCBuildConfiguration;
			buildSettings = {
				ALWAYS_SEARCH_USER_PATHS = NO;
				CLANG_ANALYZER_NONNULL = YES;
				CLANG_ANALYZER_NUMBER_OBJECT_CONVERSION = YES_AGGRESSIVE;
				CLANG_CXX_LANGUAGE_STANDARD = "gnu++17";
				CLANG_CXX_LIBRARY = "libc++";
				CLANG_ENABLE_MODULES = YES;
				CLANG_ENABLE_OBJC_ARC = YES;
				CLANG_ENABLE_OBJC_WEAK = YES;
				CLANG_WARN_BLOCK_CAPTURE_AUTORELEASING = YES;
				CLANG_WARN_BOOL_CONVERSION = YES;
				CLANG_WARN_COMMA = YES;
				CLANG_WARN_CONSTANT_CONVERSION = YES;
				CLANG_WARN_DEPRECATED_OBJC_IMPLEMENTATIONS = YES;
				CLANG_WARN_DIRECT_OBJC_ISA_USAGE = YES_ERROR;
				CLANG_WARN_DOCUMENTATION_COMMENTS = YES;
				CLANG_WARN_EMPTY_BODY = YES;
				CLANG_WARN_ENUM_CONVERSION = YES;
				CLANG_WARN_INFINITE_RECURSION = YES;
				CLANG_WARN_INT_CONVERSION = YES;
				CLANG_WARN_NON_LITERAL_NULL_CONVERSION = YES;
				CLANG_WARN_OBJC_IMPLICIT_RETAIN_SELF = YES;
				CLANG_WARN_OBJC_LITERAL_CONVERSION = YES;
				CLANG_WARN_OBJC_ROOT_CLASS = YES_ERROR;
				CLANG_WARN_QUOTED_INCLUDE_IN_FRAMEWORK_HEADER = YES;
				CLANG_WARN_RANGE_LOOP_ANALYSIS = YES;
				CLANG_WARN_STRICT_PROTOTYPES = YES;
				CLANG_WARN_SUSPICIOUS_MOVE = YES;
				CLANG_WARN_UNGUARDED_AVAILABILITY = YES_AGGRESSIVE;
				CLANG_WARN_UNREACHABLE_CODE = YES;
				CLANG_WARN__DUPLICATE_METHOD_MATCH = YES;
				COPY_PHASE_STRIP = NO;
				DEBUG_INFORMATION_FORMAT = dwarf;
				ENABLE_STRICT_OBJC_MSGSEND = YES;
				ENABLE_TESTABILITY = YES;
				GCC_C_LANGUAGE_STANDARD = gnu11;
				GCC_DYNAMIC_NO_PIC = NO;
				GCC_NO_COMMON_BLOCKS = YES;
				GCC_OPTIMIZATION_LEVEL = 0;
				GCC_PREPROCESSOR_DEFINITIONS = (
					"DEBUG=1",
					"$(inherited)",
				);
				GCC_WARN_64_TO_32_BIT_CONVERSION = YES;
				GCC_WARN_ABOUT_RETURN_TYPE = YES_ERROR;
				GCC_WARN_UNDECLARED_SELECTOR = YES;
				GCC_WARN_UNINITIALIZED_AUTOS = YES_AGGRESSIVE;
				GCC_WARN_UNUSED_FUNCTION = YES;
				GCC_WARN_UNUSED_VARIABLE = YES;
				IPHONEOS_DEPLOYMENT_TARGET = 15.2;
				MTL_ENABLE_DEBUG_INFO = INCLUDE_SOURCE;
				MTL_FAST_MATH = YES;
				ONLY_ACTIVE_ARCH = YES;
				SDKROOT = iphoneos;
				SWIFT_ACTIVE_COMPILATION_CONDITIONS = DEBUG;
				SWIFT_OPTIMIZATION_LEVEL = "-Onone";
			};
			name = Debug;
		};
		67EEF31627C183BE00A18AAE /* Release */ = {
			isa = XCBuildConfiguration;
			buildSettings = {
				ALWAYS_SEARCH_USER_PATHS = NO;
				CLANG_ANALYZER_NONNULL = YES;
				CLANG_ANALYZER_NUMBER_OBJECT_CONVERSION = YES_AGGRESSIVE;
				CLANG_CXX_LANGUAGE_STANDARD = "gnu++17";
				CLANG_CXX_LIBRARY = "libc++";
				CLANG_ENABLE_MODULES = YES;
				CLANG_ENABLE_OBJC_ARC = YES;
				CLANG_ENABLE_OBJC_WEAK = YES;
				CLANG_WARN_BLOCK_CAPTURE_AUTORELEASING = YES;
				CLANG_WARN_BOOL_CONVERSION = YES;
				CLANG_WARN_COMMA = YES;
				CLANG_WARN_CONSTANT_CONVERSION = YES;
				CLANG_WARN_DEPRECATED_OBJC_IMPLEMENTATIONS = YES;
				CLANG_WARN_DIRECT_OBJC_ISA_USAGE = YES_ERROR;
				CLANG_WARN_DOCUMENTATION_COMMENTS = YES;
				CLANG_WARN_EMPTY_BODY = YES;
				CLANG_WARN_ENUM_CONVERSION = YES;
				CLANG_WARN_INFINITE_RECURSION = YES;
				CLANG_WARN_INT_CONVERSION = YES;
				CLANG_WARN_NON_LITERAL_NULL_CONVERSION = YES;
				CLANG_WARN_OBJC_IMPLICIT_RETAIN_SELF = YES;
				CLANG_WARN_OBJC_LITERAL_CONVERSION = YES;
				CLANG_WARN_OBJC_ROOT_CLASS = YES_ERROR;
				CLANG_WARN_QUOTED_INCLUDE_IN_FRAMEWORK_HEADER = YES;
				CLANG_WARN_RANGE_LOOP_ANALYSIS = YES;
				CLANG_WARN_STRICT_PROTOTYPES = YES;
				CLANG_WARN_SUSPICIOUS_MOVE = YES;
				CLANG_WARN_UNGUARDED_AVAILABILITY = YES_AGGRESSIVE;
				CLANG_WARN_UNREACHABLE_CODE = YES;
				CLANG_WARN__DUPLICATE_METHOD_MATCH = YES;
				COPY_PHASE_STRIP = NO;
				DEBUG_INFORMATION_FORMAT = "dwarf-with-dsym";
				ENABLE_NS_ASSERTIONS = NO;
				ENABLE_STRICT_OBJC_MSGSEND = YES;
				GCC_C_LANGUAGE_STANDARD = gnu11;
				GCC_NO_COMMON_BLOCKS = YES;
				GCC_WARN_64_TO_32_BIT_CONVERSION = YES;
				GCC_WARN_ABOUT_RETURN_TYPE = YES_ERROR;
				GCC_WARN_UNDECLARED_SELECTOR = YES;
				GCC_WARN_UNINITIALIZED_AUTOS = YES_AGGRESSIVE;
				GCC_WARN_UNUSED_FUNCTION = YES;
				GCC_WARN_UNUSED_VARIABLE = YES;
				IPHONEOS_DEPLOYMENT_TARGET = 15.2;
				MTL_ENABLE_DEBUG_INFO = NO;
				MTL_FAST_MATH = YES;
				SDKROOT = iphoneos;
				SWIFT_COMPILATION_MODE = wholemodule;
				SWIFT_OPTIMIZATION_LEVEL = "-O";
				VALIDATE_PRODUCT = YES;
			};
			name = Release;
		};
		67EEF31827C183BE00A18AAE /* Debug */ = {
			isa = XCBuildConfiguration;
			buildSettings = {
				ASSETCATALOG_COMPILER_APPICON_NAME = AppIcon;
				ASSETCATALOG_COMPILER_GLOBAL_ACCENT_COLOR_NAME = AccentColor;
				CODE_SIGN_STYLE = Automatic;
				CURRENT_PROJECT_VERSION = 1;
				DEVELOPMENT_ASSET_PATHS = "\"PeerToPeerSession/Preview Content\"";
				DEVELOPMENT_TEAM = Q429UJSL7U;
				ENABLE_PREVIEWS = YES;
				GENERATE_INFOPLIST_FILE = YES;
				INFOPLIST_FILE = PeerToPeerSession/Info.plist;
				INFOPLIST_KEY_NSCameraUsageDescription = "This app uses camera to share video sessions";
				INFOPLIST_KEY_NSLocalNetworkUsageDescription = "af-peer";
				INFOPLIST_KEY_UIApplicationSceneManifest_Generation = YES;
				INFOPLIST_KEY_UIApplicationSupportsIndirectInputEvents = YES;
				INFOPLIST_KEY_UILaunchScreen_Generation = YES;
				INFOPLIST_KEY_UISupportedInterfaceOrientations_iPad = "UIInterfaceOrientationPortrait UIInterfaceOrientationPortraitUpsideDown UIInterfaceOrientationLandscapeLeft UIInterfaceOrientationLandscapeRight";
				INFOPLIST_KEY_UISupportedInterfaceOrientations_iPhone = "UIInterfaceOrientationPortrait UIInterfaceOrientationLandscapeLeft UIInterfaceOrientationLandscapeRight";
				LD_RUNPATH_SEARCH_PATHS = (
					"$(inherited)",
					"@executable_path/Frameworks",
				);
				MARKETING_VERSION = 1.0;
				PRODUCT_BUNDLE_IDENTIFIER = com.afapps.PeerToPeerSession;
				PRODUCT_NAME = "$(TARGET_NAME)";
				SWIFT_EMIT_LOC_STRINGS = YES;
				SWIFT_VERSION = 5.0;
				TARGETED_DEVICE_FAMILY = "1,2";
			};
			name = Debug;
		};
		67EEF31927C183BE00A18AAE /* Release */ = {
			isa = XCBuildConfiguration;
			buildSettings = {
				ASSETCATALOG_COMPILER_APPICON_NAME = AppIcon;
				ASSETCATALOG_COMPILER_GLOBAL_ACCENT_COLOR_NAME = AccentColor;
				CODE_SIGN_STYLE = Automatic;
				CURRENT_PROJECT_VERSION = 1;
				DEVELOPMENT_ASSET_PATHS = "\"PeerToPeerSession/Preview Content\"";
				DEVELOPMENT_TEAM = Q429UJSL7U;
				ENABLE_PREVIEWS = YES;
				GENERATE_INFOPLIST_FILE = YES;
				INFOPLIST_FILE = PeerToPeerSession/Info.plist;
				INFOPLIST_KEY_NSCameraUsageDescription = "This app uses camera to share video sessions";
				INFOPLIST_KEY_NSLocalNetworkUsageDescription = "af-peer";
				INFOPLIST_KEY_UIApplicationSceneManifest_Generation = YES;
				INFOPLIST_KEY_UIApplicationSupportsIndirectInputEvents = YES;
				INFOPLIST_KEY_UILaunchScreen_Generation = YES;
				INFOPLIST_KEY_UISupportedInterfaceOrientations_iPad = "UIInterfaceOrientationPortrait UIInterfaceOrientationPortraitUpsideDown UIInterfaceOrientationLandscapeLeft UIInterfaceOrientationLandscapeRight";
				INFOPLIST_KEY_UISupportedInterfaceOrientations_iPhone = "UIInterfaceOrientationPortrait UIInterfaceOrientationLandscapeLeft UIInterfaceOrientationLandscapeRight";
				LD_RUNPATH_SEARCH_PATHS = (
					"$(inherited)",
					"@executable_path/Frameworks",
				);
				MARKETING_VERSION = 1.0;
				PRODUCT_BUNDLE_IDENTIFIER = com.afapps.PeerToPeerSession;
				PRODUCT_NAME = "$(TARGET_NAME)";
				SWIFT_EMIT_LOC_STRINGS = YES;
				SWIFT_VERSION = 5.0;
				TARGETED_DEVICE_FAMILY = "1,2";
			};
			name = Release;
		};
/* End XCBuildConfiguration section */

/* Begin XCConfigurationList section */
		67EEF30427C183BD00A18AAE /* Build configuration list for PBXProject "PeerToPeerSession" */ = {
			isa = XCConfigurationList;
			buildConfigurations = (
				67EEF31527C183BE00A18AAE /* Debug */,
				67EEF31627C183BE00A18AAE /* Release */,
			);
			defaultConfigurationIsVisible = 0;
			defaultConfigurationName = Release;
		};
		67EEF31727C183BE00A18AAE /* Build configuration list for PBXNativeTarget "PeerToPeerSession" */ = {
			isa = XCConfigurationList;
			buildConfigurations = (
				67EEF31827C183BE00A18AAE /* Debug */,
				67EEF31927C183BE00A18AAE /* Release */,
			);
			defaultConfigurationIsVisible = 0;
			defaultConfigurationName = Release;
		};
/* End XCConfigurationList section */
	};
	rootObject = 67EEF30127C183BD00A18AAE /* Project object */;
}
